
Microsoft Visual Studio Solution File, Format Version 12.00
# Visual Studio Version 16
VisualStudioVersion = 16.0.31313.79
MinimumVisualStudioVersion = 10.0.40219.1
Project("{9A19103F-16F7-4668-BE54-9A1E7A4F7556}") = "EFCore.WebAPI", "EFCore.WebAPI\EFCore.WebAPI.csproj", "{509AE71B-6F0F-41BC-9EE5-7637932CAD70}"
EndProject
Project("{FAE04EC0-301F-11D3-BF4B-00C04F79EFBC}") = "EFCore.Dominio", "EFCore.Dominio\EFCore.Dominio.csproj", "{4B63571D-47BF-4AFE-B72A-943A53C27D33}"
EndProject
Project("{FAE04EC0-301F-11D3-BF4B-00C04F79EFBC}") = "EFCore.Repo", "EFCore.Repo\EFCore.Repo.csproj", "{BD96232D-08F6-4962-9709-C8A5CB9F5F84}"
EndProject
Global
	GlobalSection(SolutionConfigurationPlatforms) = preSolution
		Debug|Any CPU = Debug|Any CPU
		Release|Any CPU = Release|Any CPU
	EndGlobalSection
	GlobalSection(ProjectConfigurationPlatforms) = postSolution
		{509AE71B-6F0F-41BC-9EE5-7637932CAD70}.Debug|Any CPU.ActiveCfg = Debug|Any CPU
		{509AE71B-6F0F-41BC-9EE5-7637932CAD70}.Debug|Any CPU.Build.0 = Debug|Any CPU
		{509AE71B-6F0F-41BC-9EE5-7637932CAD70}.Release|Any CPU.ActiveCfg = Release|Any CPU
		{509AE71B-6F0F-41BC-9EE5-7637932CAD70}.Release|Any CPU.Build.0 = Release|Any CPU
		{4B63571D-47BF-4AFE-B72A-943A53C27D33}.Debug|Any CPU.ActiveCfg = Debug|Any CPU
		{4B63571D-47BF-4AFE-B72A-943A53C27D33}.Debug|Any CPU.Build.0 = Debug|Any CPU
		{4B63571D-47BF-4AFE-B72A-943A53C27D33}.Release|Any CPU.ActiveCfg = Release|Any CPU
		{4B63571D-47BF-4AFE-B72A-943A53C27D33}.Release|Any CPU.Build.0 = Release|Any CPU
		{BD96232D-08F6-4962-9709-C8A5CB9F5F84}.Debug|Any CPU.ActiveCfg = Debug|Any CPU
		{BD96232D-08F6-4962-9709-C8A5CB9F5F84}.Debug|Any CPU.Build.0 = Debug|Any CPU
		{BD96232D-08F6-4962-9709-C8A5CB9F5F84}.Release|Any CPU.ActiveCfg = Release|Any CPU
		{BD96232D-08F6-4962-9709-C8A5CB9F5F84}.Release|Any CPU.Build.0 = Release|Any CPU
	EndGlobalSection
	GlobalSection(SolutionProperties) = preSolution
		HideSolutionNode = FALSE
	EndGlobalSection
	GlobalSection(ExtensibilityGlobals) = postSolution
		SolutionGuid = {DD09FC3A-9FCD-407A-869F-1984B17A6296}
	EndGlobalSection
EndGlobal
